
Microsoft Visual Studio Solution File, Format Version 12.00
# Visual Studio Version 17
VisualStudioVersion = 17.5.33516.290
MinimumVisualStudioVersion = 10.0.40219.1
Project("{FAE04EC0-301F-11D3-BF4B-00C04F79EFBC}") = "stock-quote-alert", "stock-quote-alert.csproj", "{9F72AC5A-272B-452A-91A0-A842DAA54451}"
EndProject
Global
	GlobalSection(SolutionConfigurationPlatforms) = preSolution
		Debug|Any CPU = Debug|Any CPU
		Release|Any CPU = Release|Any CPU
	EndGlobalSection
	GlobalSection(ProjectConfigurationPlatforms) = postSolution
		{9F72AC5A-272B-452A-91A0-A842DAA54451}.Debug|Any CPU.ActiveCfg = Debug|Any CPU
		{9F72AC5A-272B-452A-91A0-A842DAA54451}.Debug|Any CPU.Build.0 = Debug|Any CPU
		{9F72AC5A-272B-452A-91A0-A842DAA54451}.Release|Any CPU.ActiveCfg = Release|Any CPU
		{9F72AC5A-272B-452A-91A0-A842DAA54451}.Release|Any CPU.Build.0 = Release|Any CPU
	EndGlobalSection
	GlobalSection(SolutionProperties) = preSolution
		HideSolutionNode = FALSE
	EndGlobalSection
	GlobalSection(ExtensibilityGlobals) = postSolution
		SolutionGuid = {FF498F0F-08B6-4D72-BA78-4D9B07E49D2A}
	EndGlobalSection
EndGlobal
